// !$*UTF8*$!
{
	archiveVersion = 1;
	classes = {
	};
	objectVersion = 50;
	objects = {

/* Begin PBXBuildFile section */
		D898363725E00F950048F9B2 /* HomeView.swift in Sources */ = {isa = PBXBuildFile; fileRef = D898363625E00F950048F9B2 /* HomeView.swift */; };
		D898363B25E010900048F9B2 /* DetailView.swift in Sources */ = {isa = PBXBuildFile; fileRef = D898363A25E010900048F9B2 /* DetailView.swift */; };
		D898365025E064250048F9B2 /* ViewRouter.swift in Sources */ = {isa = PBXBuildFile; fileRef = D898364F25E064250048F9B2 /* ViewRouter.swift */; };
		D898365325E064700048F9B2 /* MainView.swift in Sources */ = {isa = PBXBuildFile; fileRef = D898365225E064700048F9B2 /* MainView.swift */; };
		D898365625E064990048F9B2 /* Screen.swift in Sources */ = {isa = PBXBuildFile; fileRef = D898365525E064990048F9B2 /* Screen.swift */; };
		D8C77ADE25DFF5540072E5D1 /* HeroAnimationApp.swift in Sources */ = {isa = PBXBuildFile; fileRef = D8C77ADD25DFF5540072E5D1 /* HeroAnimationApp.swift */; };
		D8C77AE025DFF5540072E5D1 /* ContentView.swift in Sources */ = {isa = PBXBuildFile; fileRef = D8C77ADF25DFF5540072E5D1 /* ContentView.swift */; };
		D8C77AE225DFF5550072E5D1 /* Assets.xcassets in Resources */ = {isa = PBXBuildFile; fileRef = D8C77AE125DFF5550072E5D1 /* Assets.xcassets */; };
		D8C77AE525DFF5550072E5D1 /* Preview Assets.xcassets in Resources */ = {isa = PBXBuildFile; fileRef = D8C77AE425DFF5550072E5D1 /* Preview Assets.xcassets */; };
		D8C77AEE25E000A40072E5D1 /* HomeContainerView.swift in Sources */ = {isa = PBXBuildFile; fileRef = D8C77AED25E000A40072E5D1 /* HomeContainerView.swift */; };
/* End PBXBuildFile section */

/* Begin PBXFileReference section */
		D898363625E00F950048F9B2 /* HomeView.swift */ = {isa = PBXFileReference; lastKnownFileType = sourcecode.swift; path = HomeView.swift; sourceTree = "<group>"; };
		D898363A25E010900048F9B2 /* DetailView.swift */ = {isa = PBXFileReference; lastKnownFileType = sourcecode.swift; path = DetailView.swift; sourceTree = "<group>"; };
		D898364F25E064250048F9B2 /* ViewRouter.swift */ = {isa = PBXFileReference; lastKnownFileType = sourcecode.swift; path = ViewRouter.swift; sourceTree = "<group>"; };
		D898365225E064700048F9B2 /* MainView.swift */ = {isa = PBXFileReference; lastKnownFileType = sourcecode.swift; path = MainView.swift; sourceTree = "<group>"; };
		D898365525E064990048F9B2 /* Screen.swift */ = {isa = PBXFileReference; lastKnownFileType = sourcecode.swift; path = Screen.swift; sourceTree = "<group>"; };
		D8C77ADA25DFF5540072E5D1 /* HeroAnimation.app */ = {isa = PBXFileReference; explicitFileType = wrapper.application; includeInIndex = 0; path = HeroAnimation.app; sourceTree = BUILT_PRODUCTS_DIR; };
		D8C77ADD25DFF5540072E5D1 /* HeroAnimationApp.swift */ = {isa = PBXFileReference; lastKnownFileType = sourcecode.swift; path = HeroAnimationApp.swift; sourceTree = "<group>"; };
		D8C77ADF25DFF5540072E5D1 /* ContentView.swift */ = {isa = PBXFileReference; lastKnownFileType = sourcecode.swift; path = ContentView.swift; sourceTree = "<group>"; };
		D8C77AE125DFF5550072E5D1 /* Assets.xcassets */ = {isa = PBXFileReference; lastKnownFileType = folder.assetcatalog; path = Assets.xcassets; sourceTree = "<group>"; };
		D8C77AE425DFF5550072E5D1 /* Preview Assets.xcassets */ = {isa = PBXFileReference; lastKnownFileType = folder.assetcatalog; path = "Preview Assets.xcassets"; sourceTree = "<group>"; };
		D8C77AE625DFF5550072E5D1 /* Info.plist */ = {isa = PBXFileReference; lastKnownFileType = text.plist.xml; path = Info.plist; sourceTree = "<group>"; };
		D8C77AED25E000A40072E5D1 /* HomeContainerView.swift */ = {isa = PBXFileReference; lastKnownFileType = sourcecode.swift; path = HomeContainerView.swift; sourceTree = "<group>"; };
/* End PBXFileReference section */

/* Begin PBXFrameworksBuildPhase section */
		D8C77AD725DFF5540072E5D1 /* Frameworks */ = {
			isa = PBXFrameworksBuildPhase;
			buildActionMask = 2147483647;
			files = (
			);
			runOnlyForDeploymentPostprocessing = 0;
		};
/* End PBXFrameworksBuildPhase section */

/* Begin PBXGroup section */
		D8C77AD125DFF5540072E5D1 = {
			isa = PBXGroup;
			children = (
				D8C77ADC25DFF5540072E5D1 /* HeroAnimation */,
				D8C77ADB25DFF5540072E5D1 /* Products */,
			);
			sourceTree = "<group>";
		};
		D8C77ADB25DFF5540072E5D1 /* Products */ = {
			isa = PBXGroup;
			children = (
				D8C77ADA25DFF5540072E5D1 /* HeroAnimation.app */,
			);
			name = Products;
			sourceTree = "<group>";
		};
		D8C77ADC25DFF5540072E5D1 /* HeroAnimation */ = {
			isa = PBXGroup;
			children = (
				D8C77ADD25DFF5540072E5D1 /* HeroAnimationApp.swift */,
				D8C77AED25E000A40072E5D1 /* HomeContainerView.swift */,
				D898363625E00F950048F9B2 /* HomeView.swift */,
				D898363A25E010900048F9B2 /* DetailView.swift */,
				D8C77ADF25DFF5540072E5D1 /* ContentView.swift */,
				D8C77AE125DFF5550072E5D1 /* Assets.xcassets */,
				D8C77AE625DFF5550072E5D1 /* Info.plist */,
				D8C77AE325DFF5550072E5D1 /* Preview Content */,
				D898364F25E064250048F9B2 /* ViewRouter.swift */,
				D898365225E064700048F9B2 /* MainView.swift */,
				D898365525E064990048F9B2 /* Screen.swift */,
			);
			path = HeroAnimation;
			sourceTree = "<group>";
		};
		D8C77AE325DFF5550072E5D1 /* Preview Content */ = {
			isa = PBXGroup;
			children = (
				D8C77AE425DFF5550072E5D1 /* Preview Assets.xcassets */,
			);
			path = "Preview Content";
			sourceTree = "<group>";
		};
/* End PBXGroup section */

/* Begin PBXNativeTarget section */
		D8C77AD925DFF5540072E5D1 /* HeroAnimation */ = {
			isa = PBXNativeTarget;
			buildConfigurationList = D8C77AE925DFF5550072E5D1 /* Build configuration list for PBXNativeTarget "HeroAnimation" */;
			buildPhases = (
				D8C77AD625DFF5540072E5D1 /* Sources */,
				D8C77AD725DFF5540072E5D1 /* Frameworks */,
				D8C77AD825DFF5540072E5D1 /* Resources */,
			);
			buildRules = (
			);
			dependencies = (
			);
			name = HeroAnimation;
			productName = HeroAnimation;
			productReference = D8C77ADA25DFF5540072E5D1 /* HeroAnimation.app */;
			productType = "com.apple.product-type.application";
		};
/* End PBXNativeTarget section */

/* Begin PBXProject section */
		D8C77AD225DFF5540072E5D1 /* Project object */ = {
			isa = PBXProject;
			attributes = {
				LastSwiftUpdateCheck = 1220;
				LastUpgradeCheck = 1220;
				TargetAttributes = {
					D8C77AD925DFF5540072E5D1 = {
						CreatedOnToolsVersion = 12.2;
					};
				};
			};
			buildConfigurationList = D8C77AD525DFF5540072E5D1 /* Build configuration list for PBXProject "HeroAnimation" */;
			compatibilityVersion = "Xcode 9.3";
			developmentRegion = en;
			hasScannedForEncodings = 0;
			knownRegions = (
				en,
				Base,
			);
			mainGroup = D8C77AD125DFF5540072E5D1;
			productRefGroup = D8C77ADB25DFF5540072E5D1 /* Products */;
			projectDirPath = "";
			projectRoot = "";
			targets = (
				D8C77AD925DFF5540072E5D1 /* HeroAnimation */,
			);
		};
/* End PBXProject section */

/* Begin PBXResourcesBuildPhase section */
		D8C77AD825DFF5540072E5D1 /* Resources */ = {
			isa = PBXResourcesBuildPhase;
			buildActionMask = 2147483647;
			files = (
				D8C77AE525DFF5550072E5D1 /* Preview Assets.xcassets in Resources */,
				D8C77AE225DFF5550072E5D1 /* Assets.xcassets in Resources */,
			);
			runOnlyForDeploymentPostprocessing = 0;
		};
/* End PBXResourcesBuildPhase section */

/* Begin PBXSourcesBuildPhase section */
		D8C77AD625DFF5540072E5D1 /* Sources */ = {
			isa = PBXSourcesBuildPhase;
			buildActionMask = 2147483647;
			files = (
				D8C77AE025DFF5540072E5D1 /* ContentView.swift in Sources */,
				D898365325E064700048F9B2 /* MainView.swift in Sources */,
				D898363725E00F950048F9B2 /* HomeView.swift in Sources */,
				D8C77ADE25DFF5540072E5D1 /* HeroAnimationApp.swift in Sources */,
				D898365025E064250048F9B2 /* ViewRouter.swift in Sources */,
				D898363B25E010900048F9B2 /* DetailView.swift in Sources */,
				D8C77AEE25E000A40072E5D1 /* HomeContainerView.swift in Sources */,
				D898365625E064990048F9B2 /* Screen.swift in Sources */,
			);
			runOnlyForDeploymentPostprocessing = 0;
		};
/* End PBXSourcesBuildPhase section */

/* Begin XCBuildConfiguration section */
		D8C77AE725DFF5550072E5D1 /* Debug */ = {
			isa = XCBuildConfiguration;
			buildSettings = {
				ALWAYS_SEARCH_USER_PATHS = NO;
				CLANG_ANALYZER_NONNULL = YES;
				CLANG_ANALYZER_NUMBER_OBJECT_CONVERSION = YES_AGGRESSIVE;
				CLANG_CXX_LANGUAGE_STANDARD = "gnu++14";
				CLANG_CXX_LIBRARY = "libc++";
				CLANG_ENABLE_MODULES = YES;
				CLANG_ENABLE_OBJC_ARC = YES;
				CLANG_ENABLE_OBJC_WEAK = YES;
				CLANG_WARN_BLOCK_CAPTURE_AUTORELEASING = YES;
				CLANG_WARN_BOOL_CONVERSION = YES;
				CLANG_WARN_COMMA = YES;
				CLANG_WARN_CONSTANT_CONVERSION = YES;
				CLANG_WARN_DEPRECATED_OBJC_IMPLEMENTATIONS = YES;
				CLANG_WARN_DIRECT_OBJC_ISA_USAGE = YES_ERROR;
				CLANG_WARN_DOCUMENTATION_COMMENTS = YES;
				CLANG_WARN_EMPTY_BODY = YES;
				CLANG_WARN_ENUM_CONVERSION = YES;
				CLANG_WARN_INFINITE_RECURSION = YES;
				CLANG_WARN_INT_CONVERSION = YES;
				CLANG_WARN_NON_LITERAL_NULL_CONVERSION = YES;
				CLANG_WARN_OBJC_IMPLICIT_RETAIN_SELF = YES;
				CLANG_WARN_OBJC_LITERAL_CONVERSION = YES;
				CLANG_WARN_OBJC_ROOT_CLASS = YES_ERROR;
				CLANG_WARN_QUOTED_INCLUDE_IN_FRAMEWORK_HEADER = YES;
				CLANG_WARN_RANGE_LOOP_ANALYSIS = YES;
				CLANG_WARN_STRICT_PROTOTYPES = YES;
				CLANG_WARN_SUSPICIOUS_MOVE = YES;
				CLANG_WARN_UNGUARDED_AVAILABILITY = YES_AGGRESSIVE;
				CLANG_WARN_UNREACHABLE_CODE = YES;
				CLANG_WARN__DUPLICATE_METHOD_MATCH = YES;
				COPY_PHASE_STRIP = NO;
				DEBUG_INFORMATION_FORMAT = dwarf;
				ENABLE_STRICT_OBJC_MSGSEND = YES;
				ENABLE_TESTABILITY = YES;
				GCC_C_LANGUAGE_STANDARD = gnu11;
				GCC_DYNAMIC_NO_PIC = NO;
				GCC_NO_COMMON_BLOCKS = YES;
				GCC_OPTIMIZATION_LEVEL = 0;
				GCC_PREPROCESSOR_DEFINITIONS = (
					"DEBUG=1",
					"$(inherited)",
				);
				GCC_WARN_64_TO_32_BIT_CONVERSION = YES;
				GCC_WARN_ABOUT_RETURN_TYPE = YES_ERROR;
				GCC_WARN_UNDECLARED_SELECTOR = YES;
				GCC_WARN_UNINITIALIZED_AUTOS = YES_AGGRESSIVE;
				GCC_WARN_UNUSED_FUNCTION = YES;
				GCC_WARN_UNUSED_VARIABLE = YES;
				IPHONEOS_DEPLOYMENT_TARGET = 14.2;
				MTL_ENABLE_DEBUG_INFO = INCLUDE_SOURCE;
				MTL_FAST_MATH = YES;
				ONLY_ACTIVE_ARCH = YES;
				SDKROOT = iphoneos;
				SWIFT_ACTIVE_COMPILATION_CONDITIONS = DEBUG;
				SWIFT_OPTIMIZATION_LEVEL = "-Onone";
			};
			name = Debug;
		};
		D8C77AE825DFF5550072E5D1 /* Release */ = {
			isa = XCBuildConfiguration;
			buildSettings = {
				ALWAYS_SEARCH_USER_PATHS = NO;
				CLANG_ANALYZER_NONNULL = YES;
				CLANG_ANALYZER_NUMBER_OBJECT_CONVERSION = YES_AGGRESSIVE;
				CLANG_CXX_LANGUAGE_STANDARD = "gnu++14";
				CLANG_CXX_LIBRARY = "libc++";
				CLANG_ENABLE_MODULES = YES;
				CLANG_ENABLE_OBJC_ARC = YES;
				CLANG_ENABLE_OBJC_WEAK = YES;
				CLANG_WARN_BLOCK_CAPTURE_AUTORELEASING = YES;
				CLANG_WARN_BOOL_CONVERSION = YES;
				CLANG_WARN_COMMA = YES;
				CLANG_WARN_CONSTANT_CONVERSION = YES;
				CLANG_WARN_DEPRECATED_OBJC_IMPLEMENTATIONS = YES;
				CLANG_WARN_DIRECT_OBJC_ISA_USAGE = YES_ERROR;
				CLANG_WARN_DOCUMENTATION_COMMENTS = YES;
				CLANG_WARN_EMPTY_BODY = YES;
				CLANG_WARN_ENUM_CONVERSION = YES;
				CLANG_WARN_INFINITE_RECURSION = YES;
				CLANG_WARN_INT_CONVERSION = YES;
				CLANG_WARN_NON_LITERAL_NULL_CONVERSION = YES;
				CLANG_WARN_OBJC_IMPLICIT_RETAIN_SELF = YES;
				CLANG_WARN_OBJC_LITERAL_CONVERSION = YES;
				CLANG_WARN_OBJC_ROOT_CLASS = YES_ERROR;
				CLANG_WARN_QUOTED_INCLUDE_IN_FRAMEWORK_HEADER = YES;
				CLANG_WARN_RANGE_LOOP_ANALYSIS = YES;
				CLANG_WARN_STRICT_PROTOTYPES = YES;
				CLANG_WARN_SUSPICIOUS_MOVE = YES;
				CLANG_WARN_UNGUARDED_AVAILABILITY = YES_AGGRESSIVE;
				CLANG_WARN_UNREACHABLE_CODE = YES;
				CLANG_WARN__DUPLICATE_METHOD_MATCH = YES;
				COPY_PHASE_STRIP = NO;
				DEBUG_INFORMATION_FORMAT = "dwarf-with-dsym";
				ENABLE_NS_ASSERTIONS = NO;
				ENABLE_STRICT_OBJC_MSGSEND = YES;
				GCC_C_LANGUAGE_STANDARD = gnu11;
				GCC_NO_COMMON_BLOCKS = YES;
				GCC_WARN_64_TO_32_BIT_CONVERSION = YES;
				GCC_WARN_ABOUT_RETURN_TYPE = YES_ERROR;
				GCC_WARN_UNDECLARED_SELECTOR = YES;
				GCC_WARN_UNINITIALIZED_AUTOS = YES_AGGRESSIVE;
				GCC_WARN_UNUSED_FUNCTION = YES;
				GCC_WARN_UNUSED_VARIABLE = YES;
				IPHONEOS_DEPLOYMENT_TARGET = 14.2;
				MTL_ENABLE_DEBUG_INFO = NO;
				MTL_FAST_MATH = YES;
				SDKROOT = iphoneos;
				SWIFT_COMPILATION_MODE = wholemodule;
				SWIFT_OPTIMIZATION_LEVEL = "-O";
				VALIDATE_PRODUCT = YES;
			};
			name = Release;
		};
		D8C77AEA25DFF5550072E5D1 /* Debug */ = {
			isa = XCBuildConfiguration;
			buildSettings = {
				ASSETCATALOG_COMPILER_APPICON_NAME = AppIcon;
				ASSETCATALOG_COMPILER_GLOBAL_ACCENT_COLOR_NAME = AccentColor;
				CODE_SIGN_STYLE = Automatic;
				DEVELOPMENT_ASSET_PATHS = "\"HeroAnimation/Preview Content\"";
				DEVELOPMENT_TEAM = 3SNY4A7B39;
				ENABLE_PREVIEWS = YES;
				INFOPLIST_FILE = HeroAnimation/Info.plist;
				IPHONEOS_DEPLOYMENT_TARGET = 14.0;
				LD_RUNPATH_SEARCH_PATHS = (
					"$(inherited)",
					"@executable_path/Frameworks",
				);
				PRODUCT_BUNDLE_IDENTIFIER = com.viniciusLeal.HeroAnimation;
				PRODUCT_NAME = "$(TARGET_NAME)";
				SWIFT_VERSION = 5.0;
				TARGETED_DEVICE_FAMILY = "1,2";
			};
			name = Debug;
		};
		D8C77AEB25DFF5550072E5D1 /* Release */ = {
			isa = XCBuildConfiguration;
			buildSettings = {
				ASSETCATALOG_COMPILER_APPICON_NAME = AppIcon;
				ASSETCATALOG_COMPILER_GLOBAL_ACCENT_COLOR_NAME = AccentColor;
				CODE_SIGN_STYLE = Automatic;
				DEVELOPMENT_ASSET_PATHS = "\"HeroAnimation/Preview Content\"";
				DEVELOPMENT_TEAM = 3SNY4A7B39;
				ENABLE_PREVIEWS = YES;
				INFOPLIST_FILE = HeroAnimation/Info.plist;
				IPHONEOS_DEPLOYMENT_TARGET = 14.0;
				LD_RUNPATH_SEARCH_PATHS = (
					"$(inherited)",
					"@executable_path/Frameworks",
				);
				PRODUCT_BUNDLE_IDENTIFIER = com.viniciusLeal.HeroAnimation;
				PRODUCT_NAME = "$(TARGET_NAME)";
				SWIFT_VERSION = 5.0;
				TARGETED_DEVICE_FAMILY = "1,2";
			};
			name = Release;
		};
/* End XCBuildConfiguration section */

/* Begin XCConfigurationList section */
		D8C77AD525DFF5540072E5D1 /* Build configuration list for PBXProject "HeroAnimation" */ = {
			isa = XCConfigurationList;
			buildConfigurations = (
				D8C77AE725DFF5550072E5D1 /* Debug */,
				D8C77AE825DFF5550072E5D1 /* Release */,
			);
			defaultConfigurationIsVisible = 0;
			defaultConfigurationName = Release;
		};
		D8C77AE925DFF5550072E5D1 /* Build configuration list for PBXNativeTarget "HeroAnimation" */ = {
			isa = XCConfigurationList;
			buildConfigurations = (
				D8C77AEA25DFF5550072E5D1 /* Debug */,
				D8C77AEB25DFF5550072E5D1 /* Release */,
			);
			defaultConfigurationIsVisible = 0;
			defaultConfigurationName = Release;
		};
/* End XCConfigurationList section */
	};
	rootObject = D8C77AD225DFF5540072E5D1 /* Project object */;
}
